
Microsoft Visual Studio Solution File, Format Version 12.00
# Visual Studio 15
VisualStudioVersion = 15.0.28307.271
MinimumVisualStudioVersion = 10.0.40219.1
Project("{FAE04EC0-301F-11D3-BF4B-00C04F79EFBC}") = "DevTalent5", "DevTalent5\DevTalent5.csproj", "{A170D853-8ACC-4AE1-BD9E-A5F0497DFF64}"
EndProject
Global
	GlobalSection(SolutionConfigurationPlatforms) = preSolution
		Debug|Any CPU = Debug|Any CPU
		Release|Any CPU = Release|Any CPU
	EndGlobalSection
	GlobalSection(ProjectConfigurationPlatforms) = postSolution
		{A170D853-8ACC-4AE1-BD9E-A5F0497DFF64}.Debug|Any CPU.ActiveCfg = Debug|Any CPU
		{A170D853-8ACC-4AE1-BD9E-A5F0497DFF64}.Debug|Any CPU.Build.0 = Debug|Any CPU
		{A170D853-8ACC-4AE1-BD9E-A5F0497DFF64}.Release|Any CPU.ActiveCfg = Release|Any CPU
		{A170D853-8ACC-4AE1-BD9E-A5F0497DFF64}.Release|Any CPU.Build.0 = Release|Any CPU
	EndGlobalSection
	GlobalSection(SolutionProperties) = preSolution
		HideSolutionNode = FALSE
	EndGlobalSection
	GlobalSection(ExtensibilityGlobals) = postSolution
		SolutionGuid = {94B976FB-7DBC-49BE-996F-C589DB281E89}
	EndGlobalSection
EndGlobal
